// !$*UTF8*$!
{
	archiveVersion = 1;
	classes = {
	};
	objectVersion = 50;
	objects = {

/* Begin PBXBuildFile section */
		DAF36CF3221CB8CA00B12F95 /* AppDelegate.swift in Sources */ = {isa = PBXBuildFile; fileRef = DAF36CF2221CB8CA00B12F95 /* AppDelegate.swift */; };
		DAF36CF5221CB8CA00B12F95 /* ViewController.swift in Sources */ = {isa = PBXBuildFile; fileRef = DAF36CF4221CB8CA00B12F95 /* ViewController.swift */; };
		DAF36CF8221CB8CA00B12F95 /* Main.storyboard in Resources */ = {isa = PBXBuildFile; fileRef = DAF36CF6221CB8CA00B12F95 /* Main.storyboard */; };
		DAF36CFA221CB8CC00B12F95 /* Assets.xcassets in Resources */ = {isa = PBXBuildFile; fileRef = DAF36CF9221CB8CC00B12F95 /* Assets.xcassets */; };
		DAF36CFD221CB8CC00B12F95 /* LaunchScreen.storyboard in Resources */ = {isa = PBXBuildFile; fileRef = DAF36CFB221CB8CC00B12F95 /* LaunchScreen.storyboard */; };
/* End PBXBuildFile section */

/* Begin PBXFileReference section */
		DAF36CEF221CB8CA00B12F95 /* hello world.app */ = {isa = PBXFileReference; explicitFileType = wrapper.application; includeInIndex = 0; path = "hello world.app"; sourceTree = BUILT_PRODUCTS_DIR; };
		DAF36CF2221CB8CA00B12F95 /* AppDelegate.swift */ = {isa = PBXFileReference; lastKnownFileType = sourcecode.swift; path = AppDelegate.swift; sourceTree = "<group>"; };
		DAF36CF4221CB8CA00B12F95 /* ViewController.swift */ = {isa = PBXFileReference; lastKnownFileType = sourcecode.swift; path = ViewController.swift; sourceTree = "<group>"; };
		DAF36CF7221CB8CA00B12F95 /* Base */ = {isa = PBXFileReference; lastKnownFileType = file.storyboard; name = Base; path = Base.lproj/Main.storyboard; sourceTree = "<group>"; };
		DAF36CF9221CB8CC00B12F95 /* Assets.xcassets */ = {isa = PBXFileReference; lastKnownFileType = folder.assetcatalog; path = Assets.xcassets; sourceTree = "<group>"; };
		DAF36CFC221CB8CC00B12F95 /* Base */ = {isa = PBXFileReference; lastKnownFileType = file.storyboard; name = Base; path = Base.lproj/LaunchScreen.storyboard; sourceTree = "<group>"; };
		DAF36CFE221CB8CC00B12F95 /* Info.plist */ = {isa = PBXFileReference; lastKnownFileType = text.plist.xml; path = Info.plist; sourceTree = "<group>"; };
/* End PBXFileReference section */

/* Begin PBXFrameworksBuildPhase section */
		DAF36CEC221CB8CA00B12F95 /* Frameworks */ = {
			isa = PBXFrameworksBuildPhase;
			buildActionMask = 2147483647;
			files = (
			);
			runOnlyForDeploymentPostprocessing = 0;
		};
/* End PBXFrameworksBuildPhase section */

/* Begin PBXGroup section */
		DAF36CE6221CB8CA00B12F95 = {
			isa = PBXGroup;
			children = (
				DAF36CF1221CB8CA00B12F95 /* hello world */,
				DAF36CF0221CB8CA00B12F95 /* Products */,
			);
			sourceTree = "<group>";
		};
		DAF36CF0221CB8CA00B12F95 /* Products */ = {
			isa = PBXGroup;
			children = (
				DAF36CEF221CB8CA00B12F95 /* hello world.app */,
			);
			name = Products;
			sourceTree = "<group>";
		};
		DAF36CF1221CB8CA00B12F95 /* hello world */ = {
			isa = PBXGroup;
			children = (
				DAF36CF2221CB8CA00B12F95 /* AppDelegate.swift */,
				DAF36CF4221CB8CA00B12F95 /* ViewController.swift */,
				DAF36CF6221CB8CA00B12F95 /* Main.storyboard */,
				DAF36CF9221CB8CC00B12F95 /* Assets.xcassets */,
				DAF36CFB221CB8CC00B12F95 /* LaunchScreen.storyboard */,
				DAF36CFE221CB8CC00B12F95 /* Info.plist */,
			);
			path = "hello world";
			sourceTree = "<group>";
		};
/* End PBXGroup section */

/* Begin PBXNativeTarget section */
		DAF36CEE221CB8CA00B12F95 /* hello world */ = {
			isa = PBXNativeTarget;
			buildConfigurationList = DAF36D01221CB8CC00B12F95 /* Build configuration list for PBXNativeTarget "hello world" */;
			buildPhases = (
				DAF36CEB221CB8CA00B12F95 /* Sources */,
				DAF36CEC221CB8CA00B12F95 /* Frameworks */,
				DAF36CED221CB8CA00B12F95 /* Resources */,
			);
			buildRules = (
			);
			dependencies = (
			);
			name = "hello world";
			productName = "hello world";
			productReference = DAF36CEF221CB8CA00B12F95 /* hello world.app */;
			productType = "com.apple.product-type.application";
		};
/* End PBXNativeTarget section */

/* Begin PBXProject section */
		DAF36CE7221CB8CA00B12F95 /* Project object */ = {
			isa = PBXProject;
			attributes = {
				LastSwiftUpdateCheck = 1010;
				LastUpgradeCheck = 1010;
				ORGANIZATIONNAME = "Paul Colombier";
				TargetAttributes = {
					DAF36CEE221CB8CA00B12F95 = {
						CreatedOnToolsVersion = 10.1;
					};
				};
			};
			buildConfigurationList = DAF36CEA221CB8CA00B12F95 /* Build configuration list for PBXProject "hello world" */;
			compatibilityVersion = "Xcode 9.3";
			developmentRegion = en;
			hasScannedForEncodings = 0;
			knownRegions = (
				en,
				Base,
			);
			mainGroup = DAF36CE6221CB8CA00B12F95;
			productRefGroup = DAF36CF0221CB8CA00B12F95 /* Products */;
			projectDirPath = "";
			projectRoot = "";
			targets = (
				DAF36CEE221CB8CA00B12F95 /* hello world */,
			);
		};
/* End PBXProject section */

/* Begin PBXResourcesBuildPhase section */
		DAF36CED221CB8CA00B12F95 /* Resources */ = {
			isa = PBXResourcesBuildPhase;
			buildActionMask = 2147483647;
			files = (
				DAF36CFD221CB8CC00B12F95 /* LaunchScreen.storyboard in Resources */,
				DAF36CFA221CB8CC00B12F95 /* Assets.xcassets in Resources */,
				DAF36CF8221CB8CA00B12F95 /* Main.storyboard in Resources */,
			);
			runOnlyForDeploymentPostprocessing = 0;
		};
/* End PBXResourcesBuildPhase section */

/* Begin PBXSourcesBuildPhase section */
		DAF36CEB221CB8CA00B12F95 /* Sources */ = {
			isa = PBXSourcesBuildPhase;
			buildActionMask = 2147483647;
			files = (
				DAF36CF5221CB8CA00B12F95 /* ViewController.swift in Sources */,
				DAF36CF3221CB8CA00B12F95 /* AppDelegate.swift in Sources */,
			);
			runOnlyForDeploymentPostprocessing = 0;
		};
/* End PBXSourcesBuildPhase section */

/* Begin PBXVariantGroup section */
		DAF36CF6221CB8CA00B12F95 /* Main.storyboard */ = {
			isa = PBXVariantGroup;
			children = (
				DAF36CF7221CB8CA00B12F95 /* Base */,
			);
			name = Main.storyboard;
			sourceTree = "<group>";
		};
		DAF36CFB221CB8CC00B12F95 /* LaunchScreen.storyboard */ = {
			isa = PBXVariantGroup;
			children = (
				DAF36CFC221CB8CC00B12F95 /* Base */,
			);
			name = LaunchScreen.storyboard;
			sourceTree = "<group>";
		};
/* End PBXVariantGroup section */

/* Begin XCBuildConfiguration section */
		DAF36CFF221CB8CC00B12F95 /* Debug */ = {
			isa = XCBuildConfiguration;
			buildSettings = {
				ALWAYS_SEARCH_USER_PATHS = NO;
				CLANG_ANALYZER_NONNULL = YES;
				CLANG_ANALYZER_NUMBER_OBJECT_CONVERSION = YES_AGGRESSIVE;
				CLANG_CXX_LANGUAGE_STANDARD = "gnu++14";
				CLANG_CXX_LIBRARY = "libc++";
				CLANG_ENABLE_MODULES = YES;
				CLANG_ENABLE_OBJC_ARC = YES;
				CLANG_ENABLE_OBJC_WEAK = YES;
				CLANG_WARN_BLOCK_CAPTURE_AUTORELEASING = YES;
				CLANG_WARN_BOOL_CONVERSION = YES;
				CLANG_WARN_COMMA = YES;
				CLANG_WARN_CONSTANT_CONVERSION = YES;
				CLANG_WARN_DEPRECATED_OBJC_IMPLEMENTATIONS = YES;
				CLANG_WARN_DIRECT_OBJC_ISA_USAGE = YES_ERROR;
				CLANG_WARN_DOCUMENTATION_COMMENTS = YES;
				CLANG_WARN_EMPTY_BODY = YES;
				CLANG_WARN_ENUM_CONVERSION = YES;
				CLANG_WARN_INFINITE_RECURSION = YES;
				CLANG_WARN_INT_CONVERSION = YES;
				CLANG_WARN_NON_LITERAL_NULL_CONVERSION = YES;
				CLANG_WARN_OBJC_IMPLICIT_RETAIN_SELF = YES;
				CLANG_WARN_OBJC_LITERAL_CONVERSION = YES;
				CLANG_WARN_OBJC_ROOT_CLASS = YES_ERROR;
				CLANG_WARN_RANGE_LOOP_ANALYSIS = YES;
				CLANG_WARN_STRICT_PROTOTYPES = YES;
				CLANG_WARN_SUSPICIOUS_MOVE = YES;
				CLANG_WARN_UNGUARDED_AVAILABILITY = YES_AGGRESSIVE;
				CLANG_WARN_UNREACHABLE_CODE = YES;
				CLANG_WARN__DUPLICATE_METHOD_MATCH = YES;
				CODE_SIGN_IDENTITY = "iPhone Developer";
				COPY_PHASE_STRIP = NO;
				DEBUG_INFORMATION_FORMAT = dwarf;
				ENABLE_STRICT_OBJC_MSGSEND = YES;
				ENABLE_TESTABILITY = YES;
				GCC_C_LANGUAGE_STANDARD = gnu11;
				GCC_DYNAMIC_NO_PIC = NO;
				GCC_NO_COMMON_BLOCKS = YES;
				GCC_OPTIMIZATION_LEVEL = 0;
				GCC_PREPROCESSOR_DEFINITIONS = (
					"DEBUG=1",
					"$(inherited)",
				);
				GCC_WARN_64_TO_32_BIT_CONVERSION = YES;
				GCC_WARN_ABOUT_RETURN_TYPE = YES_ERROR;
				GCC_WARN_UNDECLARED_SELECTOR = YES;
				GCC_WARN_UNINITIALIZED_AUTOS = YES_AGGRESSIVE;
				GCC_WARN_UNUSED_FUNCTION = YES;
				GCC_WARN_UNUSED_VARIABLE = YES;
				IPHONEOS_DEPLOYMENT_TARGET = 12.1;
				MTL_ENABLE_DEBUG_INFO = INCLUDE_SOURCE;
				MTL_FAST_MATH = YES;
				ONLY_ACTIVE_ARCH = YES;
				SDKROOT = iphoneos;
				SWIFT_ACTIVE_COMPILATION_CONDITIONS = DEBUG;
				SWIFT_OPTIMIZATION_LEVEL = "-Onone";
			};
			name = Debug;
		};
		DAF36D00221CB8CC00B12F95 /* Release */ = {
			isa = XCBuildConfiguration;
			buildSettings = {
				ALWAYS_SEARCH_USER_PATHS = NO;
				CLANG_ANALYZER_NONNULL = YES;
				CLANG_ANALYZER_NUMBER_OBJECT_CONVERSION = YES_AGGRESSIVE;
				CLANG_CXX_LANGUAGE_STANDARD = "gnu++14";
				CLANG_CXX_LIBRARY = "libc++";
				CLANG_ENABLE_MODULES = YES;
				CLANG_ENABLE_OBJC_ARC = YES;
				CLANG_ENABLE_OBJC_WEAK = YES;
				CLANG_WARN_BLOCK_CAPTURE_AUTORELEASING = YES;
				CLANG_WARN_BOOL_CONVERSION = YES;
				CLANG_WARN_COMMA = YES;
				CLANG_WARN_CONSTANT_CONVERSION = YES;
				CLANG_WARN_DEPRECATED_OBJC_IMPLEMENTATIONS = YES;
				CLANG_WARN_DIRECT_OBJC_ISA_USAGE = YES_ERROR;
				CLANG_WARN_DOCUMENTATION_COMMENTS = YES;
				CLANG_WARN_EMPTY_BODY = YES;
				CLANG_WARN_ENUM_CONVERSION = YES;
				CLANG_WARN_INFINITE_RECURSION = YES;
				CLANG_WARN_INT_CONVERSION = YES;
				CLANG_WARN_NON_LITERAL_NULL_CONVERSION = YES;
				CLANG_WARN_OBJC_IMPLICIT_RETAIN_SELF = YES;
				CLANG_WARN_OBJC_LITERAL_CONVERSION = YES;
				CLANG_WARN_OBJC_ROOT_CLASS = YES_ERROR;
				CLANG_WARN_RANGE_LOOP_ANALYSIS = YES;
				CLANG_WARN_STRICT_PROTOTYPES = YES;
				CLANG_WARN_SUSPICIOUS_MOVE = YES;
				CLANG_WARN_UNGUARDED_AVAILABILITY = YES_AGGRESSIVE;
				CLANG_WARN_UNREACHABLE_CODE = YES;
				CLANG_WARN__DUPLICATE_METHOD_MATCH = YES;
				CODE_SIGN_IDENTITY = "iPhone Developer";
				COPY_PHASE_STRIP = NO;
				DEBUG_INFORMATION_FORMAT = "dwarf-with-dsym";
				ENABLE_NS_ASSERTIONS = NO;
				ENABLE_STRICT_OBJC_MSGSEND = YES;
				GCC_C_LANGUAGE_STANDARD = gnu11;
				GCC_NO_COMMON_BLOCKS = YES;
				GCC_WARN_64_TO_32_BIT_CONVERSION = YES;
				GCC_WARN_ABOUT_RETURN_TYPE = YES_ERROR;
				GCC_WARN_UNDECLARED_SELECTOR = YES;
				GCC_WARN_UNINITIALIZED_AUTOS = YES_AGGRESSIVE;
				GCC_WARN_UNUSED_FUNCTION = YES;
				GCC_WARN_UNUSED_VARIABLE = YES;
				IPHONEOS_DEPLOYMENT_TARGET = 12.1;
				MTL_ENABLE_DEBUG_INFO = NO;
				MTL_FAST_MATH = YES;
				SDKROOT = iphoneos;
				SWIFT_COMPILATION_MODE = wholemodule;
				SWIFT_OPTIMIZATION_LEVEL = "-O";
				VALIDATE_PRODUCT = YES;
			};
			name = Release;
		};
		DAF36D02221CB8CC00B12F95 /* Debug */ = {
			isa = XCBuildConfiguration;
			buildSettings = {
				ASSETCATALOG_COMPILER_APPICON_NAME = AppIcon;
				CODE_SIGN_STYLE = Automatic;
				DEVELOPMENT_TEAM = 7379GRA8BC;
				INFOPLIST_FILE = "hello world/Info.plist";
				LD_RUNPATH_SEARCH_PATHS = (
					"$(inherited)",
					"@executable_path/Frameworks",
				);
				PRODUCT_BUNDLE_IDENTIFIER = "fr.paulcolombier.ios.hello-world";
				PRODUCT_NAME = "$(TARGET_NAME)";
				SWIFT_VERSION = 4.2;
				TARGETED_DEVICE_FAMILY = "1,2";
			};
			name = Debug;
		};
		DAF36D03221CB8CC00B12F95 /* Release */ = {
			isa = XCBuildConfiguration;
			buildSettings = {
				ASSETCATALOG_COMPILER_APPICON_NAME = AppIcon;
				CODE_SIGN_STYLE = Automatic;
				DEVELOPMENT_TEAM = 7379GRA8BC;
				INFOPLIST_FILE = "hello world/Info.plist";
				LD_RUNPATH_SEARCH_PATHS = (
					"$(inherited)",
					"@executable_path/Frameworks",
				);
				PRODUCT_BUNDLE_IDENTIFIER = "fr.paulcolombier.ios.hello-world";
				PRODUCT_NAME = "$(TARGET_NAME)";
				SWIFT_VERSION = 4.2;
				TARGETED_DEVICE_FAMILY = "1,2";
			};
			name = Release;
		};
/* End XCBuildConfiguration section */

/* Begin XCConfigurationList section */
		DAF36CEA221CB8CA00B12F95 /* Build configuration list for PBXProject "hello world" */ = {
			isa = XCConfigurationList;
			buildConfigurations = (
				DAF36CFF221CB8CC00B12F95 /* Debug */,
				DAF36D00221CB8CC00B12F95 /* Release */,
			);
			defaultConfigurationIsVisible = 0;
			defaultConfigurationName = Release;
		};
		DAF36D01221CB8CC00B12F95 /* Build configuration list for PBXNativeTarget "hello world" */ = {
			isa = XCConfigurationList;
			buildConfigurations = (
				DAF36D02221CB8CC00B12F95 /* Debug */,
				DAF36D03221CB8CC00B12F95 /* Release */,
			);
			defaultConfigurationIsVisible = 0;
			defaultConfigurationName = Release;
		};
/* End XCConfigurationList section */
	};
	rootObject = DAF36CE7221CB8CA00B12F95 /* Project object */;
}
